// !$*UTF8*$!
{
	archiveVersion = 1;
	classes = {
	};
	objectVersion = 56;
	objects = {

/* Begin PBXBuildFile section */
		360A57252C7D2382003F48F8 /* TasksListPresenter.swift in Sources */ = {isa = PBXBuildFile; fileRef = 360A57242C7D2382003F48F8 /* TasksListPresenter.swift */; };
		360A57272C7D2449003F48F8 /* TasksListPresenterType.swift in Sources */ = {isa = PBXBuildFile; fileRef = 360A57262C7D2449003F48F8 /* TasksListPresenterType.swift */; };
		360A572B2C7D24E7003F48F8 /* TasksListViewType.swift in Sources */ = {isa = PBXBuildFile; fileRef = 360A572A2C7D24E7003F48F8 /* TasksListViewType.swift */; };
		360A572D2C7D2703003F48F8 /* UserDefaultsService.swift in Sources */ = {isa = PBXBuildFile; fileRef = 360A572C2C7D2703003F48F8 /* UserDefaultsService.swift */; };
		360A57332C7D2C2F003F48F8 /* NSObject+Extension.swift in Sources */ = {isa = PBXBuildFile; fileRef = 360A57322C7D2C2F003F48F8 /* NSObject+Extension.swift */; };
		360A57362C7D2D70003F48F8 /* TaskTableViewCell.swift in Sources */ = {isa = PBXBuildFile; fileRef = 360A57352C7D2D70003F48F8 /* TaskTableViewCell.swift */; };
		360A57382C7D2DCE003F48F8 /* TaskListCellDto.swift in Sources */ = {isa = PBXBuildFile; fileRef = 360A57372C7D2DCE003F48F8 /* TaskListCellDto.swift */; };
		360A573A2C7D2EC3003F48F8 /* Collection+Extension.swift in Sources */ = {isa = PBXBuildFile; fileRef = 360A57392C7D2EC3003F48F8 /* Collection+Extension.swift */; };
		360A573D2C7D2F6C003F48F8 /* TaskModel.swift in Sources */ = {isa = PBXBuildFile; fileRef = 360A573C2C7D2F6C003F48F8 /* TaskModel.swift */; };
		360A57402C7D3877003F48F8 /* SnapKit in Frameworks */ = {isa = PBXBuildFile; productRef = 360A573F2C7D3877003F48F8 /* SnapKit */; };
		360A57422C7D3D0F003F48F8 /* TasksNetworkService.swift in Sources */ = {isa = PBXBuildFile; fileRef = 360A57412C7D3D0F003F48F8 /* TasksNetworkService.swift */; };
		360A57472C7D3D92003F48F8 /* ADTasksResponse.swift in Sources */ = {isa = PBXBuildFile; fileRef = 360A57462C7D3D92003F48F8 /* ADTasksResponse.swift */; };
		360A574C2C7D40E7003F48F8 /* InitialDataLoader.swift in Sources */ = {isa = PBXBuildFile; fileRef = 360A574B2C7D40E7003F48F8 /* InitialDataLoader.swift */; };
		360A574F2C7D4837003F48F8 /* NetworkError.swift in Sources */ = {isa = PBXBuildFile; fileRef = 360A574E2C7D4837003F48F8 /* NetworkError.swift */; };
		360A57512C7DC74E003F48F8 /* URLRequest+Extension.swift in Sources */ = {isa = PBXBuildFile; fileRef = 360A57502C7DC74E003F48F8 /* URLRequest+Extension.swift */; };
		360A57532C7DC95C003F48F8 /* ADRoute.swift in Sources */ = {isa = PBXBuildFile; fileRef = 360A57522C7DC95C003F48F8 /* ADRoute.swift */; };
		360A57562C7DCA81003F48F8 /* APIRoute.swift in Sources */ = {isa = PBXBuildFile; fileRef = 360A57552C7DCA81003F48F8 /* APIRoute.swift */; };
		360A57582C7DCAED003F48F8 /* APIHttpMethod.swift in Sources */ = {isa = PBXBuildFile; fileRef = 360A57572C7DCAED003F48F8 /* APIHttpMethod.swift */; };
		360A575D2C7E00BB003F48F8 /* TaskCoreDataService.swift in Sources */ = {isa = PBXBuildFile; fileRef = 360A575C2C7E00BB003F48F8 /* TaskCoreDataService.swift */; };
		360A57602C7E5769003F48F8 /* BaseNetworkService.swift in Sources */ = {isa = PBXBuildFile; fileRef = 360A575F2C7E5769003F48F8 /* BaseNetworkService.swift */; };
		360A57632C7E6217003F48F8 /* ApiResponse.swift in Sources */ = {isa = PBXBuildFile; fileRef = 360A57622C7E6217003F48F8 /* ApiResponse.swift */; };
		360A57652C7E6D5C003F48F8 /* UIView+Extension.swift in Sources */ = {isa = PBXBuildFile; fileRef = 360A57642C7E6D5C003F48F8 /* UIView+Extension.swift */; };
		360A57672C7E6E29003F48F8 /* SwitchableButton.swift in Sources */ = {isa = PBXBuildFile; fileRef = 360A57662C7E6E29003F48F8 /* SwitchableButton.swift */; };
		360A57692C7E725D003F48F8 /* Colors.xcassets in Resources */ = {isa = PBXBuildFile; fileRef = 360A57682C7E725D003F48F8 /* Colors.xcassets */; };
		360A576C2C7E7353003F48F8 /* UIColor+Extension.swift in Sources */ = {isa = PBXBuildFile; fileRef = 360A576B2C7E7353003F48F8 /* UIColor+Extension.swift */; };
		360A57702C7E81F0003F48F8 /* HighlightableCell.swift in Sources */ = {isa = PBXBuildFile; fileRef = 360A576F2C7E81F0003F48F8 /* HighlightableCell.swift */; };
		360A57732C7E8969003F48F8 /* SwitchableButtonDelegate.swift in Sources */ = {isa = PBXBuildFile; fileRef = 360A57722C7E8969003F48F8 /* SwitchableButtonDelegate.swift */; };
		360A57762C7E8D5C003F48F8 /* TaskTableViewCellDelegate.swift in Sources */ = {isa = PBXBuildFile; fileRef = 360A57752C7E8D5C003F48F8 /* TaskTableViewCellDelegate.swift */; };
		360A577A2C7F3F92003F48F8 /* TaskCreatePanel.swift in Sources */ = {isa = PBXBuildFile; fileRef = 360A57772C7F3F92003F48F8 /* TaskCreatePanel.swift */; };
		360A577B2C7F3F92003F48F8 /* CreateTaskPanel.TextField.swift in Sources */ = {isa = PBXBuildFile; fileRef = 360A57782C7F3F92003F48F8 /* CreateTaskPanel.TextField.swift */; };
		360A577D2C7F42CA003F48F8 /* TaskCreatePanelDelegate.swift in Sources */ = {isa = PBXBuildFile; fileRef = 360A577C2C7F42CA003F48F8 /* TaskCreatePanelDelegate.swift */; };
		3614C2632C7B624B003BA3C6 /* AppDelegate.swift in Sources */ = {isa = PBXBuildFile; fileRef = 3614C2622C7B624B003BA3C6 /* AppDelegate.swift */; };
		3614C2652C7B624B003BA3C6 /* SceneDelegate.swift in Sources */ = {isa = PBXBuildFile; fileRef = 3614C2642C7B624B003BA3C6 /* SceneDelegate.swift */; };
		3614C2672C7B624B003BA3C6 /* TasksListViewController.swift in Sources */ = {isa = PBXBuildFile; fileRef = 3614C2662C7B624B003BA3C6 /* TasksListViewController.swift */; };
		3614C26D2C7B624C003BA3C6 /* ViperTodo.xcdatamodeld in Sources */ = {isa = PBXBuildFile; fileRef = 3614C26B2C7B624C003BA3C6 /* ViperTodo.xcdatamodeld */; };
		3614C26F2C7B624C003BA3C6 /* Images.xcassets in Resources */ = {isa = PBXBuildFile; fileRef = 3614C26E2C7B624C003BA3C6 /* Images.xcassets */; };
		3614C2722C7B624C003BA3C6 /* Base in Resources */ = {isa = PBXBuildFile; fileRef = 3614C2712C7B624C003BA3C6 /* Base */; };
		3614C27F2C7B83B8003BA3C6 /* .gitignore in Resources */ = {isa = PBXBuildFile; fileRef = 3614C27E2C7B83B8003BA3C6 /* .gitignore */; };
		366010AA2C81BBCF004780FC /* TaskDetailModuleOutput.swift in Sources */ = {isa = PBXBuildFile; fileRef = 366010A92C81BBCF004780FC /* TaskDetailModuleOutput.swift */; };
		36AE68E92C7FE3A000AB885C /* BaseTextfield.swift in Sources */ = {isa = PBXBuildFile; fileRef = 36AE68E82C7FE3A000AB885C /* BaseTextfield.swift */; };
		36AE68EB2C7FE8D700AB885C /* String+Extension.swift in Sources */ = {isa = PBXBuildFile; fileRef = 36AE68EA2C7FE8D700AB885C /* String+Extension.swift */; };
		36AE68EE2C8083F800AB885C /* TaskDetailViewController.swift in Sources */ = {isa = PBXBuildFile; fileRef = 36AE68ED2C8083F800AB885C /* TaskDetailViewController.swift */; };
		36AE68F12C8088C200AB885C /* TaskDetailPresenterProtocol.swift in Sources */ = {isa = PBXBuildFile; fileRef = 36AE68F02C8088C200AB885C /* TaskDetailPresenterProtocol.swift */; };
		36AE68F72C80D89300AB885C /* TaskListModuleAssemler.swift in Sources */ = {isa = PBXBuildFile; fileRef = 36AE68F62C80D89300AB885C /* TaskListModuleAssemler.swift */; };
		36AE68F92C80E4F500AB885C /* TaskListMainView.swift in Sources */ = {isa = PBXBuildFile; fileRef = 36AE68F82C80E4F500AB885C /* TaskListMainView.swift */; };
		36AE69012C812D3C00AB885C /* TaskDetailPresenter.swift in Sources */ = {isa = PBXBuildFile; fileRef = 36AE69002C812D3C00AB885C /* TaskDetailPresenter.swift */; };
		36AE69052C812D9600AB885C /* TaskDetailViewProtocol.swift in Sources */ = {isa = PBXBuildFile; fileRef = 36AE69042C812D9600AB885C /* TaskDetailViewProtocol.swift */; };
		36AE69072C812F8E00AB885C /* TaskDetailDto.swift in Sources */ = {isa = PBXBuildFile; fileRef = 36AE69062C812F8E00AB885C /* TaskDetailDto.swift */; };
		36AE69092C8143D200AB885C /* TaskDetailModuleAssembler.swift in Sources */ = {isa = PBXBuildFile; fileRef = 36AE69082C8143D200AB885C /* TaskDetailModuleAssembler.swift */; };
		36B991282C8254CD007AFE71 /* TaskListModel.swift in Sources */ = {isa = PBXBuildFile; fileRef = 36B991272C8254CD007AFE71 /* TaskListModel.swift */; };
		36B9912A2C8255CF007AFE71 /* TaskListModelDelegate.swift in Sources */ = {isa = PBXBuildFile; fileRef = 36B991292C8255CF007AFE71 /* TaskListModelDelegate.swift */; };
		36B9912C2C825858007AFE71 /* CoreDataStack.swift in Sources */ = {isa = PBXBuildFile; fileRef = 36B9912B2C825858007AFE71 /* CoreDataStack.swift */; };
		36C764712C81F78F0054E717 /* TaskDetailDescriptionTextView.swift in Sources */ = {isa = PBXBuildFile; fileRef = 36C764702C81F78F0054E717 /* TaskDetailDescriptionTextView.swift */; };
		36D5BD012C834B680054DB65 /* TaskDetailModel.swift in Sources */ = {isa = PBXBuildFile; fileRef = 36D5BD002C834B680054DB65 /* TaskDetailModel.swift */; };
/* End PBXBuildFile section */

/* Begin PBXFileReference section */
		360A57242C7D2382003F48F8 /* TasksListPresenter.swift */ = {isa = PBXFileReference; lastKnownFileType = sourcecode.swift; path = TasksListPresenter.swift; sourceTree = "<group>"; };
		360A57262C7D2449003F48F8 /* TasksListPresenterType.swift */ = {isa = PBXFileReference; lastKnownFileType = sourcecode.swift; path = TasksListPresenterType.swift; sourceTree = "<group>"; };
		360A572A2C7D24E7003F48F8 /* TasksListViewType.swift */ = {isa = PBXFileReference; lastKnownFileType = sourcecode.swift; path = TasksListViewType.swift; sourceTree = "<group>"; };
		360A572C2C7D2703003F48F8 /* UserDefaultsService.swift */ = {isa = PBXFileReference; lastKnownFileType = sourcecode.swift; path = UserDefaultsService.swift; sourceTree = "<group>"; };
		360A57322C7D2C2F003F48F8 /* NSObject+Extension.swift */ = {isa = PBXFileReference; lastKnownFileType = sourcecode.swift; path = "NSObject+Extension.swift"; sourceTree = "<group>"; };
		360A57352C7D2D70003F48F8 /* TaskTableViewCell.swift */ = {isa = PBXFileReference; lastKnownFileType = sourcecode.swift; path = TaskTableViewCell.swift; sourceTree = "<group>"; };
		360A57372C7D2DCE003F48F8 /* TaskListCellDto.swift */ = {isa = PBXFileReference; lastKnownFileType = sourcecode.swift; path = TaskListCellDto.swift; sourceTree = "<group>"; };
		360A57392C7D2EC3003F48F8 /* Collection+Extension.swift */ = {isa = PBXFileReference; lastKnownFileType = sourcecode.swift; path = "Collection+Extension.swift"; sourceTree = "<group>"; };
		360A573C2C7D2F6C003F48F8 /* TaskModel.swift */ = {isa = PBXFileReference; lastKnownFileType = sourcecode.swift; path = TaskModel.swift; sourceTree = "<group>"; };
		360A57412C7D3D0F003F48F8 /* TasksNetworkService.swift */ = {isa = PBXFileReference; lastKnownFileType = sourcecode.swift; path = TasksNetworkService.swift; sourceTree = "<group>"; };
		360A57462C7D3D92003F48F8 /* ADTasksResponse.swift */ = {isa = PBXFileReference; lastKnownFileType = sourcecode.swift; path = ADTasksResponse.swift; sourceTree = "<group>"; };
		360A574B2C7D40E7003F48F8 /* InitialDataLoader.swift */ = {isa = PBXFileReference; lastKnownFileType = sourcecode.swift; path = InitialDataLoader.swift; sourceTree = "<group>"; };
		360A574E2C7D4837003F48F8 /* NetworkError.swift */ = {isa = PBXFileReference; lastKnownFileType = sourcecode.swift; path = NetworkError.swift; sourceTree = "<group>"; };
		360A57502C7DC74E003F48F8 /* URLRequest+Extension.swift */ = {isa = PBXFileReference; lastKnownFileType = sourcecode.swift; path = "URLRequest+Extension.swift"; sourceTree = "<group>"; };
		360A57522C7DC95C003F48F8 /* ADRoute.swift */ = {isa = PBXFileReference; lastKnownFileType = sourcecode.swift; path = ADRoute.swift; sourceTree = "<group>"; };
		360A57552C7DCA81003F48F8 /* APIRoute.swift */ = {isa = PBXFileReference; lastKnownFileType = sourcecode.swift; path = APIRoute.swift; sourceTree = "<group>"; };
		360A57572C7DCAED003F48F8 /* APIHttpMethod.swift */ = {isa = PBXFileReference; lastKnownFileType = sourcecode.swift; path = APIHttpMethod.swift; sourceTree = "<group>"; };
		360A575C2C7E00BB003F48F8 /* TaskCoreDataService.swift */ = {isa = PBXFileReference; lastKnownFileType = sourcecode.swift; path = TaskCoreDataService.swift; sourceTree = "<group>"; };
		360A575F2C7E5769003F48F8 /* BaseNetworkService.swift */ = {isa = PBXFileReference; lastKnownFileType = sourcecode.swift; path = BaseNetworkService.swift; sourceTree = "<group>"; };
		360A57622C7E6217003F48F8 /* ApiResponse.swift */ = {isa = PBXFileReference; lastKnownFileType = sourcecode.swift; path = ApiResponse.swift; sourceTree = "<group>"; };
		360A57642C7E6D5C003F48F8 /* UIView+Extension.swift */ = {isa = PBXFileReference; lastKnownFileType = sourcecode.swift; path = "UIView+Extension.swift"; sourceTree = "<group>"; };
		360A57662C7E6E29003F48F8 /* SwitchableButton.swift */ = {isa = PBXFileReference; lastKnownFileType = sourcecode.swift; path = SwitchableButton.swift; sourceTree = "<group>"; };
		360A57682C7E725D003F48F8 /* Colors.xcassets */ = {isa = PBXFileReference; lastKnownFileType = folder.assetcatalog; path = Colors.xcassets; sourceTree = "<group>"; };
		360A576B2C7E7353003F48F8 /* UIColor+Extension.swift */ = {isa = PBXFileReference; lastKnownFileType = sourcecode.swift; path = "UIColor+Extension.swift"; sourceTree = "<group>"; };
		360A576F2C7E81F0003F48F8 /* HighlightableCell.swift */ = {isa = PBXFileReference; lastKnownFileType = sourcecode.swift; path = HighlightableCell.swift; sourceTree = "<group>"; };
		360A57722C7E8969003F48F8 /* SwitchableButtonDelegate.swift */ = {isa = PBXFileReference; lastKnownFileType = sourcecode.swift; path = SwitchableButtonDelegate.swift; sourceTree = "<group>"; };
		360A57752C7E8D5C003F48F8 /* TaskTableViewCellDelegate.swift */ = {isa = PBXFileReference; lastKnownFileType = sourcecode.swift; path = TaskTableViewCellDelegate.swift; sourceTree = "<group>"; };
		360A57772C7F3F92003F48F8 /* TaskCreatePanel.swift */ = {isa = PBXFileReference; fileEncoding = 4; lastKnownFileType = sourcecode.swift; path = TaskCreatePanel.swift; sourceTree = "<group>"; };
		360A57782C7F3F92003F48F8 /* CreateTaskPanel.TextField.swift */ = {isa = PBXFileReference; fileEncoding = 4; lastKnownFileType = sourcecode.swift; path = CreateTaskPanel.TextField.swift; sourceTree = "<group>"; };
		360A577C2C7F42CA003F48F8 /* TaskCreatePanelDelegate.swift */ = {isa = PBXFileReference; lastKnownFileType = sourcecode.swift; path = TaskCreatePanelDelegate.swift; sourceTree = "<group>"; };
		3614C25F2C7B624B003BA3C6 /* viper_todo.app */ = {isa = PBXFileReference; explicitFileType = wrapper.application; includeInIndex = 0; path = viper_todo.app; sourceTree = BUILT_PRODUCTS_DIR; };
		3614C2622C7B624B003BA3C6 /* AppDelegate.swift */ = {isa = PBXFileReference; lastKnownFileType = sourcecode.swift; path = AppDelegate.swift; sourceTree = "<group>"; };
		3614C2642C7B624B003BA3C6 /* SceneDelegate.swift */ = {isa = PBXFileReference; lastKnownFileType = sourcecode.swift; path = SceneDelegate.swift; sourceTree = "<group>"; };
		3614C2662C7B624B003BA3C6 /* TasksListViewController.swift */ = {isa = PBXFileReference; lastKnownFileType = sourcecode.swift; path = TasksListViewController.swift; sourceTree = "<group>"; };
		3614C26C2C7B624C003BA3C6 /* viper_todo.xcdatamodel */ = {isa = PBXFileReference; lastKnownFileType = wrapper.xcdatamodel; path = viper_todo.xcdatamodel; sourceTree = "<group>"; };
		3614C26E2C7B624C003BA3C6 /* Images.xcassets */ = {isa = PBXFileReference; lastKnownFileType = folder.assetcatalog; path = Images.xcassets; sourceTree = "<group>"; };
		3614C2712C7B624C003BA3C6 /* Base */ = {isa = PBXFileReference; lastKnownFileType = file.storyboard; name = Base; path = Base.lproj/LaunchScreen.storyboard; sourceTree = "<group>"; };
		3614C2732C7B624C003BA3C6 /* Info.plist */ = {isa = PBXFileReference; lastKnownFileType = text.plist.xml; path = Info.plist; sourceTree = "<group>"; };
		3614C27E2C7B83B8003BA3C6 /* .gitignore */ = {isa = PBXFileReference; lastKnownFileType = text; path = .gitignore; sourceTree = "<group>"; };
		366010A92C81BBCF004780FC /* TaskDetailModuleOutput.swift */ = {isa = PBXFileReference; lastKnownFileType = sourcecode.swift; path = TaskDetailModuleOutput.swift; sourceTree = "<group>"; };
		36AE68E82C7FE3A000AB885C /* BaseTextfield.swift */ = {isa = PBXFileReference; lastKnownFileType = sourcecode.swift; path = BaseTextfield.swift; sourceTree = "<group>"; };
		36AE68EA2C7FE8D700AB885C /* String+Extension.swift */ = {isa = PBXFileReference; lastKnownFileType = sourcecode.swift; path = "String+Extension.swift"; sourceTree = "<group>"; };
		36AE68ED2C8083F800AB885C /* TaskDetailViewController.swift */ = {isa = PBXFileReference; lastKnownFileType = sourcecode.swift; path = TaskDetailViewController.swift; sourceTree = "<group>"; };
		36AE68F02C8088C200AB885C /* TaskDetailPresenterProtocol.swift */ = {isa = PBXFileReference; lastKnownFileType = sourcecode.swift; path = TaskDetailPresenterProtocol.swift; sourceTree = "<group>"; };
		36AE68F62C80D89300AB885C /* TaskListModuleAssemler.swift */ = {isa = PBXFileReference; lastKnownFileType = sourcecode.swift; path = TaskListModuleAssemler.swift; sourceTree = "<group>"; };
		36AE68F82C80E4F500AB885C /* TaskListMainView.swift */ = {isa = PBXFileReference; lastKnownFileType = sourcecode.swift; path = TaskListMainView.swift; sourceTree = "<group>"; };
		36AE69002C812D3C00AB885C /* TaskDetailPresenter.swift */ = {isa = PBXFileReference; lastKnownFileType = sourcecode.swift; path = TaskDetailPresenter.swift; sourceTree = "<group>"; };
		36AE69042C812D9600AB885C /* TaskDetailViewProtocol.swift */ = {isa = PBXFileReference; lastKnownFileType = sourcecode.swift; path = TaskDetailViewProtocol.swift; sourceTree = "<group>"; };
		36AE69062C812F8E00AB885C /* TaskDetailDto.swift */ = {isa = PBXFileReference; lastKnownFileType = sourcecode.swift; path = TaskDetailDto.swift; sourceTree = "<group>"; };
		36AE69082C8143D200AB885C /* TaskDetailModuleAssembler.swift */ = {isa = PBXFileReference; lastKnownFileType = sourcecode.swift; path = TaskDetailModuleAssembler.swift; sourceTree = "<group>"; };
		36B991272C8254CD007AFE71 /* TaskListModel.swift */ = {isa = PBXFileReference; lastKnownFileType = sourcecode.swift; path = TaskListModel.swift; sourceTree = "<group>"; };
		36B991292C8255CF007AFE71 /* TaskListModelDelegate.swift */ = {isa = PBXFileReference; lastKnownFileType = sourcecode.swift; path = TaskListModelDelegate.swift; sourceTree = "<group>"; };
		36B9912B2C825858007AFE71 /* CoreDataStack.swift */ = {isa = PBXFileReference; lastKnownFileType = sourcecode.swift; path = CoreDataStack.swift; sourceTree = "<group>"; };
		36C764702C81F78F0054E717 /* TaskDetailDescriptionTextView.swift */ = {isa = PBXFileReference; lastKnownFileType = sourcecode.swift; path = TaskDetailDescriptionTextView.swift; sourceTree = "<group>"; };
		36D5BD002C834B680054DB65 /* TaskDetailModel.swift */ = {isa = PBXFileReference; lastKnownFileType = sourcecode.swift; path = TaskDetailModel.swift; sourceTree = "<group>"; };
/* End PBXFileReference section */

/* Begin PBXFrameworksBuildPhase section */
		3614C25C2C7B624B003BA3C6 /* Frameworks */ = {
			isa = PBXFrameworksBuildPhase;
			buildActionMask = 2147483647;
			files = (
				360A57402C7D3877003F48F8 /* SnapKit in Frameworks */,
			);
			runOnlyForDeploymentPostprocessing = 0;
		};
/* End PBXFrameworksBuildPhase section */

/* Begin PBXGroup section */
		360A57212C7D1D4E003F48F8 /* CommonModel */ = {
			isa = PBXGroup;
			children = (
				360A575E2C7E0272003F48F8 /* Entity */,
				360A57442C7D3D7B003F48F8 /* API */,
			);
			path = CommonModel;
			sourceTree = "<group>";
		};
		360A57292C7D247A003F48F8 /* TasksListModule */ = {
			isa = PBXGroup;
			children = (
				36AE68FB2C81089600AB885C /* View */,
				36AE68FC2C8108AE00AB885C /* Presenter */,
				36B991262C8254B9007AFE71 /* Model */,
				36AE68F62C80D89300AB885C /* TaskListModuleAssemler.swift */,
			);
			path = TasksListModule;
			sourceTree = "<group>";
		};
		360A572F2C7D2B55003F48F8 /* Extensions */ = {
			isa = PBXGroup;
			children = (
				360A57642C7E6D5C003F48F8 /* UIView+Extension.swift */,
			);
			path = Extensions;
			sourceTree = "<group>";
		};
		360A57302C7D2B63003F48F8 /* CommonView */ = {
			isa = PBXGroup;
			children = (
				360A57792C7F3F92003F48F8 /* TaskCreatePanel */,
				360A57712C7E8958003F48F8 /* SwitchableButton */,
				360A572F2C7D2B55003F48F8 /* Extensions */,
				360A576F2C7E81F0003F48F8 /* HighlightableCell.swift */,
				36AE68E82C7FE3A000AB885C /* BaseTextfield.swift */,
			);
			path = CommonView;
			sourceTree = "<group>";
		};
		360A57312C7D2C1F003F48F8 /* Extensions */ = {
			isa = PBXGroup;
			children = (
				360A57322C7D2C2F003F48F8 /* NSObject+Extension.swift */,
				360A57392C7D2EC3003F48F8 /* Collection+Extension.swift */,
				360A57502C7DC74E003F48F8 /* URLRequest+Extension.swift */,
				360A576B2C7E7353003F48F8 /* UIColor+Extension.swift */,
				36AE68EA2C7FE8D700AB885C /* String+Extension.swift */,
			);
			path = Extensions;
			sourceTree = "<group>";
		};
		360A57342C7D2D5F003F48F8 /* NestedViews */ = {
			isa = PBXGroup;
			children = (
				360A57352C7D2D70003F48F8 /* TaskTableViewCell.swift */,
				360A57752C7E8D5C003F48F8 /* TaskTableViewCellDelegate.swift */,
			);
			path = NestedViews;
			sourceTree = "<group>";
		};
		360A57442C7D3D7B003F48F8 /* API */ = {
			isa = PBXGroup;
			children = (
				360A57612C7E61F4003F48F8 /* Common */,
				360A57542C7DCA6D003F48F8 /* Dummy */,
			);
			path = API;
			sourceTree = "<group>";
		};
		360A574D2C7D455D003F48F8 /* Network */ = {
			isa = PBXGroup;
			children = (
				360A575F2C7E5769003F48F8 /* BaseNetworkService.swift */,
				360A57412C7D3D0F003F48F8 /* TasksNetworkService.swift */,
			);
			path = Network;
			sourceTree = "<group>";
		};
		360A57542C7DCA6D003F48F8 /* Dummy */ = {
			isa = PBXGroup;
			children = (
				360A57462C7D3D92003F48F8 /* ADTasksResponse.swift */,
				360A57522C7DC95C003F48F8 /* ADRoute.swift */,
			);
			path = Dummy;
			sourceTree = "<group>";
		};
		360A575B2C7E008E003F48F8 /* CoreData */ = {
			isa = PBXGroup;
			children = (
				36B9912B2C825858007AFE71 /* CoreDataStack.swift */,
				360A575C2C7E00BB003F48F8 /* TaskCoreDataService.swift */,
			);
			path = CoreData;
			sourceTree = "<group>";
		};
		360A575E2C7E0272003F48F8 /* Entity */ = {
			isa = PBXGroup;
			children = (
				360A573C2C7D2F6C003F48F8 /* TaskModel.swift */,
			);
			path = Entity;
			sourceTree = "<group>";
		};
		360A57612C7E61F4003F48F8 /* Common */ = {
			isa = PBXGroup;
			children = (
				360A57552C7DCA81003F48F8 /* APIRoute.swift */,
				360A57572C7DCAED003F48F8 /* APIHttpMethod.swift */,
				360A57622C7E6217003F48F8 /* ApiResponse.swift */,
				360A574E2C7D4837003F48F8 /* NetworkError.swift */,
			);
			path = Common;
			sourceTree = "<group>";
		};
		360A57712C7E8958003F48F8 /* SwitchableButton */ = {
			isa = PBXGroup;
			children = (
				360A57662C7E6E29003F48F8 /* SwitchableButton.swift */,
				360A57722C7E8969003F48F8 /* SwitchableButtonDelegate.swift */,
			);
			path = SwitchableButton;
			sourceTree = "<group>";
		};
		360A57792C7F3F92003F48F8 /* TaskCreatePanel */ = {
			isa = PBXGroup;
			children = (
				360A57772C7F3F92003F48F8 /* TaskCreatePanel.swift */,
				360A577C2C7F42CA003F48F8 /* TaskCreatePanelDelegate.swift */,
				360A57782C7F3F92003F48F8 /* CreateTaskPanel.TextField.swift */,
			);
			path = TaskCreatePanel;
			sourceTree = "<group>";
		};
		3614C2562C7B624B003BA3C6 = {
			isa = PBXGroup;
			children = (
				3614C27E2C7B83B8003BA3C6 /* .gitignore */,
				3614C2612C7B624B003BA3C6 /* viper_todo */,
				3614C2602C7B624B003BA3C6 /* Products */,
			);
			sourceTree = "<group>";
		};
		3614C2602C7B624B003BA3C6 /* Products */ = {
			isa = PBXGroup;
			children = (
				3614C25F2C7B624B003BA3C6 /* viper_todo.app */,
			);
			name = Products;
			sourceTree = "<group>";
		};
		3614C2612C7B624B003BA3C6 /* viper_todo */ = {
			isa = PBXGroup;
			children = (
				360A57312C7D2C1F003F48F8 /* Extensions */,
				3614C2792C7B6406003BA3C6 /* AppDelegates */,
				3614C27D2C7B674F003BA3C6 /* Resources */,
				36AE68FA2C81087E00AB885C /* Scenes */,
				3614C27A2C7B6499003BA3C6 /* Services */,
				360A57212C7D1D4E003F48F8 /* CommonModel */,
				360A57302C7D2B63003F48F8 /* CommonView */,
				3614C26B2C7B624C003BA3C6 /* ViperTodo.xcdatamodeld */,
			);
			path = viper_todo;
			sourceTree = "<group>";
		};
		3614C2792C7B6406003BA3C6 /* AppDelegates */ = {
			isa = PBXGroup;
			children = (
				3614C2622C7B624B003BA3C6 /* AppDelegate.swift */,
				3614C2642C7B624B003BA3C6 /* SceneDelegate.swift */,
			);
			path = AppDelegates;
			sourceTree = "<group>";
		};
		3614C27A2C7B6499003BA3C6 /* Services */ = {
			isa = PBXGroup;
			children = (
				360A575B2C7E008E003F48F8 /* CoreData */,
				360A574D2C7D455D003F48F8 /* Network */,
				360A572C2C7D2703003F48F8 /* UserDefaultsService.swift */,
				360A574B2C7D40E7003F48F8 /* InitialDataLoader.swift */,
			);
			path = Services;
			sourceTree = "<group>";
		};
		3614C27D2C7B674F003BA3C6 /* Resources */ = {
			isa = PBXGroup;
			children = (
				3614C2702C7B624C003BA3C6 /* LaunchScreen.storyboard */,
				3614C26E2C7B624C003BA3C6 /* Images.xcassets */,
				360A57682C7E725D003F48F8 /* Colors.xcassets */,
				3614C2732C7B624C003BA3C6 /* Info.plist */,
			);
			path = Resources;
			sourceTree = "<group>";
		};
		36AE68FA2C81087E00AB885C /* Scenes */ = {
			isa = PBXGroup;
			children = (
				360A57292C7D247A003F48F8 /* TasksListModule */,
				36AE68FD2C8108D400AB885C /* TaskDetailModule */,
			);
			path = Scenes;
			sourceTree = "<group>";
		};
		36AE68FB2C81089600AB885C /* View */ = {
			isa = PBXGroup;
			children = (
				360A57342C7D2D5F003F48F8 /* NestedViews */,
				360A572A2C7D24E7003F48F8 /* TasksListViewType.swift */,
				3614C2662C7B624B003BA3C6 /* TasksListViewController.swift */,
				36AE68F82C80E4F500AB885C /* TaskListMainView.swift */,
			);
			path = View;
			sourceTree = "<group>";
		};
		36AE68FC2C8108AE00AB885C /* Presenter */ = {
			isa = PBXGroup;
			children = (
				360A57262C7D2449003F48F8 /* TasksListPresenterType.swift */,
				360A57242C7D2382003F48F8 /* TasksListPresenter.swift */,
				360A57372C7D2DCE003F48F8 /* TaskListCellDto.swift */,
			);
			path = Presenter;
			sourceTree = "<group>";
		};
		36AE68FD2C8108D400AB885C /* TaskDetailModule */ = {
			isa = PBXGroup;
			children = (
				36AE68FE2C8108E100AB885C /* View */,
				36AE68FF2C8108F600AB885C /* Presenter */,
				36D5BCFF2C834B570054DB65 /* Model */,
				36AE69082C8143D200AB885C /* TaskDetailModuleAssembler.swift */,
				366010A92C81BBCF004780FC /* TaskDetailModuleOutput.swift */,
			);
			path = TaskDetailModule;
			sourceTree = "<group>";
		};
		36AE68FE2C8108E100AB885C /* View */ = {
			isa = PBXGroup;
			children = (
				36C764722C81F8CB0054E717 /* NestedViews */,
				36AE69042C812D9600AB885C /* TaskDetailViewProtocol.swift */,
				36AE68ED2C8083F800AB885C /* TaskDetailViewController.swift */,
				36AE69062C812F8E00AB885C /* TaskDetailDto.swift */,
			);
			path = View;
			sourceTree = "<group>";
		};
		36AE68FF2C8108F600AB885C /* Presenter */ = {
			isa = PBXGroup;
			children = (
				36AE68F02C8088C200AB885C /* TaskDetailPresenterProtocol.swift */,
				36AE69002C812D3C00AB885C /* TaskDetailPresenter.swift */,
			);
			path = Presenter;
			sourceTree = "<group>";
		};
		36B991262C8254B9007AFE71 /* Model */ = {
			isa = PBXGroup;
			children = (
				36B991272C8254CD007AFE71 /* TaskListModel.swift */,
				36B991292C8255CF007AFE71 /* TaskListModelDelegate.swift */,
			);
			path = Model;
			sourceTree = "<group>";
		};
		36C764722C81F8CB0054E717 /* NestedViews */ = {
			isa = PBXGroup;
			children = (
				36C764702C81F78F0054E717 /* TaskDetailDescriptionTextView.swift */,
			);
			path = NestedViews;
			sourceTree = "<group>";
		};
		36D5BCFF2C834B570054DB65 /* Model */ = {
			isa = PBXGroup;
			children = (
				36D5BD002C834B680054DB65 /* TaskDetailModel.swift */,
			);
			path = Model;
			sourceTree = "<group>";
		};
/* End PBXGroup section */

/* Begin PBXNativeTarget section */
		3614C25E2C7B624B003BA3C6 /* viper_todo */ = {
			isa = PBXNativeTarget;
			buildConfigurationList = 3614C2762C7B624C003BA3C6 /* Build configuration list for PBXNativeTarget "viper_todo" */;
			buildPhases = (
				3614C25B2C7B624B003BA3C6 /* Sources */,
				3614C25C2C7B624B003BA3C6 /* Frameworks */,
				3614C25D2C7B624B003BA3C6 /* Resources */,
			);
			buildRules = (
			);
			dependencies = (
			);
			name = viper_todo;
			packageProductDependencies = (
				360A573F2C7D3877003F48F8 /* SnapKit */,
			);
			productName = viper_todo;
			productReference = 3614C25F2C7B624B003BA3C6 /* viper_todo.app */;
			productType = "com.apple.product-type.application";
		};
/* End PBXNativeTarget section */

/* Begin PBXProject section */
		3614C2572C7B624B003BA3C6 /* Project object */ = {
			isa = PBXProject;
			attributes = {
				BuildIndependentTargetsInParallel = 1;
				LastSwiftUpdateCheck = 1540;
				LastUpgradeCheck = 1540;
				TargetAttributes = {
					3614C25E2C7B624B003BA3C6 = {
						CreatedOnToolsVersion = 15.4;
					};
				};
			};
			buildConfigurationList = 3614C25A2C7B624B003BA3C6 /* Build configuration list for PBXProject "viper_todo" */;
			compatibilityVersion = "Xcode 14.0";
			developmentRegion = en;
			hasScannedForEncodings = 0;
			knownRegions = (
				en,
				Base,
			);
			mainGroup = 3614C2562C7B624B003BA3C6;
			packageReferences = (
				360A573E2C7D3877003F48F8 /* XCRemoteSwiftPackageReference "SnapKit" */,
			);
			productRefGroup = 3614C2602C7B624B003BA3C6 /* Products */;
			projectDirPath = "";
			projectRoot = "";
			targets = (
				3614C25E2C7B624B003BA3C6 /* viper_todo */,
			);
		};
/* End PBXProject section */

/* Begin PBXResourcesBuildPhase section */
		3614C25D2C7B624B003BA3C6 /* Resources */ = {
			isa = PBXResourcesBuildPhase;
			buildActionMask = 2147483647;
			files = (
				3614C26F2C7B624C003BA3C6 /* Images.xcassets in Resources */,
				360A57692C7E725D003F48F8 /* Colors.xcassets in Resources */,
				3614C27F2C7B83B8003BA3C6 /* .gitignore in Resources */,
				3614C2722C7B624C003BA3C6 /* Base in Resources */,
			);
			runOnlyForDeploymentPostprocessing = 0;
		};
/* End PBXResourcesBuildPhase section */

/* Begin PBXSourcesBuildPhase section */
		3614C25B2C7B624B003BA3C6 /* Sources */ = {
			isa = PBXSourcesBuildPhase;
			buildActionMask = 2147483647;
			files = (
				360A57532C7DC95C003F48F8 /* ADRoute.swift in Sources */,
				36AE68E92C7FE3A000AB885C /* BaseTextfield.swift in Sources */,
				36AE68F12C8088C200AB885C /* TaskDetailPresenterProtocol.swift in Sources */,
				366010AA2C81BBCF004780FC /* TaskDetailModuleOutput.swift in Sources */,
				360A577A2C7F3F92003F48F8 /* TaskCreatePanel.swift in Sources */,
				360A57702C7E81F0003F48F8 /* HighlightableCell.swift in Sources */,
				360A57252C7D2382003F48F8 /* TasksListPresenter.swift in Sources */,
				36AE68EE2C8083F800AB885C /* TaskDetailViewController.swift in Sources */,
				360A575D2C7E00BB003F48F8 /* TaskCoreDataService.swift in Sources */,
				36AE68F92C80E4F500AB885C /* TaskListMainView.swift in Sources */,
				360A572B2C7D24E7003F48F8 /* TasksListViewType.swift in Sources */,
				360A57762C7E8D5C003F48F8 /* TaskTableViewCellDelegate.swift in Sources */,
				36C764712C81F78F0054E717 /* TaskDetailDescriptionTextView.swift in Sources */,
				360A57672C7E6E29003F48F8 /* SwitchableButton.swift in Sources */,
				360A57732C7E8969003F48F8 /* SwitchableButtonDelegate.swift in Sources */,
				360A57382C7D2DCE003F48F8 /* TaskListCellDto.swift in Sources */,
				360A57562C7DCA81003F48F8 /* APIRoute.swift in Sources */,
				360A57472C7D3D92003F48F8 /* ADTasksResponse.swift in Sources */,
				360A57582C7DCAED003F48F8 /* APIHttpMethod.swift in Sources */,
				360A57362C7D2D70003F48F8 /* TaskTableViewCell.swift in Sources */,
				36AE69072C812F8E00AB885C /* TaskDetailDto.swift in Sources */,
				3614C2672C7B624B003BA3C6 /* TasksListViewController.swift in Sources */,
				36AE69012C812D3C00AB885C /* TaskDetailPresenter.swift in Sources */,
				360A573D2C7D2F6C003F48F8 /* TaskModel.swift in Sources */,
				3614C2632C7B624B003BA3C6 /* AppDelegate.swift in Sources */,
				360A57632C7E6217003F48F8 /* ApiResponse.swift in Sources */,
				36D5BD012C834B680054DB65 /* TaskDetailModel.swift in Sources */,
				360A576C2C7E7353003F48F8 /* UIColor+Extension.swift in Sources */,
				360A577B2C7F3F92003F48F8 /* CreateTaskPanel.TextField.swift in Sources */,
				36B991282C8254CD007AFE71 /* TaskListModel.swift in Sources */,
				360A57652C7E6D5C003F48F8 /* UIView+Extension.swift in Sources */,
				36AE69092C8143D200AB885C /* TaskDetailModuleAssembler.swift in Sources */,
				360A574C2C7D40E7003F48F8 /* InitialDataLoader.swift in Sources */,
				360A57332C7D2C2F003F48F8 /* NSObject+Extension.swift in Sources */,
				360A573A2C7D2EC3003F48F8 /* Collection+Extension.swift in Sources */,
				36AE69052C812D9600AB885C /* TaskDetailViewProtocol.swift in Sources */,
				36B9912A2C8255CF007AFE71 /* TaskListModelDelegate.swift in Sources */,
				360A57512C7DC74E003F48F8 /* URLRequest+Extension.swift in Sources */,
				360A572D2C7D2703003F48F8 /* UserDefaultsService.swift in Sources */,
				36AE68EB2C7FE8D700AB885C /* String+Extension.swift in Sources */,
				3614C26D2C7B624C003BA3C6 /* ViperTodo.xcdatamodeld in Sources */,
				360A57602C7E5769003F48F8 /* BaseNetworkService.swift in Sources */,
				360A57422C7D3D0F003F48F8 /* TasksNetworkService.swift in Sources */,
				360A574F2C7D4837003F48F8 /* NetworkError.swift in Sources */,
				36B9912C2C825858007AFE71 /* CoreDataStack.swift in Sources */,
				3614C2652C7B624B003BA3C6 /* SceneDelegate.swift in Sources */,
				360A577D2C7F42CA003F48F8 /* TaskCreatePanelDelegate.swift in Sources */,
				360A57272C7D2449003F48F8 /* TasksListPresenterType.swift in Sources */,
				36AE68F72C80D89300AB885C /* TaskListModuleAssemler.swift in Sources */,
			);
			runOnlyForDeploymentPostprocessing = 0;
		};
/* End PBXSourcesBuildPhase section */

/* Begin PBXVariantGroup section */
		3614C2702C7B624C003BA3C6 /* LaunchScreen.storyboard */ = {
			isa = PBXVariantGroup;
			children = (
				3614C2712C7B624C003BA3C6 /* Base */,
			);
			name = LaunchScreen.storyboard;
			sourceTree = "<group>";
		};
/* End PBXVariantGroup section */

/* Begin XCBuildConfiguration section */
		3614C2742C7B624C003BA3C6 /* Debug */ = {
			isa = XCBuildConfiguration;
			buildSettings = {
				ALWAYS_SEARCH_USER_PATHS = NO;
				ASSETCATALOG_COMPILER_GENERATE_SWIFT_ASSET_SYMBOL_EXTENSIONS = YES;
				CLANG_ANALYZER_NONNULL = YES;
				CLANG_ANALYZER_NUMBER_OBJECT_CONVERSION = YES_AGGRESSIVE;
				CLANG_CXX_LANGUAGE_STANDARD = "gnu++20";
				CLANG_ENABLE_MODULES = YES;
				CLANG_ENABLE_OBJC_ARC = YES;
				CLANG_ENABLE_OBJC_WEAK = YES;
				CLANG_WARN_BLOCK_CAPTURE_AUTORELEASING = YES;
				CLANG_WARN_BOOL_CONVERSION = YES;
				CLANG_WARN_COMMA = YES;
				CLANG_WARN_CONSTANT_CONVERSION = YES;
				CLANG_WARN_DEPRECATED_OBJC_IMPLEMENTATIONS = YES;
				CLANG_WARN_DIRECT_OBJC_ISA_USAGE = YES_ERROR;
				CLANG_WARN_DOCUMENTATION_COMMENTS = YES;
				CLANG_WARN_EMPTY_BODY = YES;
				CLANG_WARN_ENUM_CONVERSION = YES;
				CLANG_WARN_INFINITE_RECURSION = YES;
				CLANG_WARN_INT_CONVERSION = YES;
				CLANG_WARN_NON_LITERAL_NULL_CONVERSION = YES;
				CLANG_WARN_OBJC_IMPLICIT_RETAIN_SELF = YES;
				CLANG_WARN_OBJC_LITERAL_CONVERSION = YES;
				CLANG_WARN_OBJC_ROOT_CLASS = YES_ERROR;
				CLANG_WARN_QUOTED_INCLUDE_IN_FRAMEWORK_HEADER = YES;
				CLANG_WARN_RANGE_LOOP_ANALYSIS = YES;
				CLANG_WARN_STRICT_PROTOTYPES = YES;
				CLANG_WARN_SUSPICIOUS_MOVE = YES;
				CLANG_WARN_UNGUARDED_AVAILABILITY = YES_AGGRESSIVE;
				CLANG_WARN_UNREACHABLE_CODE = YES;
				CLANG_WARN__DUPLICATE_METHOD_MATCH = YES;
				COPY_PHASE_STRIP = NO;
				DEBUG_INFORMATION_FORMAT = dwarf;
				ENABLE_STRICT_OBJC_MSGSEND = YES;
				ENABLE_TESTABILITY = YES;
				ENABLE_USER_SCRIPT_SANDBOXING = YES;
				GCC_C_LANGUAGE_STANDARD = gnu17;
				GCC_DYNAMIC_NO_PIC = NO;
				GCC_NO_COMMON_BLOCKS = YES;
				GCC_OPTIMIZATION_LEVEL = 0;
				GCC_PREPROCESSOR_DEFINITIONS = (
					"DEBUG=1",
					"$(inherited)",
				);
				GCC_WARN_64_TO_32_BIT_CONVERSION = YES;
				GCC_WARN_ABOUT_RETURN_TYPE = YES_ERROR;
				GCC_WARN_UNDECLARED_SELECTOR = YES;
				GCC_WARN_UNINITIALIZED_AUTOS = YES_AGGRESSIVE;
				GCC_WARN_UNUSED_FUNCTION = YES;
				GCC_WARN_UNUSED_VARIABLE = YES;
				IPHONEOS_DEPLOYMENT_TARGET = 15.0;
				LOCALIZATION_PREFERS_STRING_CATALOGS = YES;
				MTL_ENABLE_DEBUG_INFO = INCLUDE_SOURCE;
				MTL_FAST_MATH = YES;
				ONLY_ACTIVE_ARCH = YES;
				SDKROOT = iphoneos;
				SWIFT_ACTIVE_COMPILATION_CONDITIONS = "DEBUG $(inherited)";
				SWIFT_OPTIMIZATION_LEVEL = "-Onone";
			};
			name = Debug;
		};
		3614C2752C7B624C003BA3C6 /* Release */ = {
			isa = XCBuildConfiguration;
			buildSettings = {
				ALWAYS_SEARCH_USER_PATHS = NO;
				ASSETCATALOG_COMPILER_GENERATE_SWIFT_ASSET_SYMBOL_EXTENSIONS = YES;
				CLANG_ANALYZER_NONNULL = YES;
				CLANG_ANALYZER_NUMBER_OBJECT_CONVERSION = YES_AGGRESSIVE;
				CLANG_CXX_LANGUAGE_STANDARD = "gnu++20";
				CLANG_ENABLE_MODULES = YES;
				CLANG_ENABLE_OBJC_ARC = YES;
				CLANG_ENABLE_OBJC_WEAK = YES;
				CLANG_WARN_BLOCK_CAPTURE_AUTORELEASING = YES;
				CLANG_WARN_BOOL_CONVERSION = YES;
				CLANG_WARN_COMMA = YES;
				CLANG_WARN_CONSTANT_CONVERSION = YES;
				CLANG_WARN_DEPRECATED_OBJC_IMPLEMENTATIONS = YES;
				CLANG_WARN_DIRECT_OBJC_ISA_USAGE = YES_ERROR;
				CLANG_WARN_DOCUMENTATION_COMMENTS = YES;
				CLANG_WARN_EMPTY_BODY = YES;
				CLANG_WARN_ENUM_CONVERSION = YES;
				CLANG_WARN_INFINITE_RECURSION = YES;
				CLANG_WARN_INT_CONVERSION = YES;
				CLANG_WARN_NON_LITERAL_NULL_CONVERSION = YES;
				CLANG_WARN_OBJC_IMPLICIT_RETAIN_SELF = YES;
				CLANG_WARN_OBJC_LITERAL_CONVERSION = YES;
				CLANG_WARN_OBJC_ROOT_CLASS = YES_ERROR;
				CLANG_WARN_QUOTED_INCLUDE_IN_FRAMEWORK_HEADER = YES;
				CLANG_WARN_RANGE_LOOP_ANALYSIS = YES;
				CLANG_WARN_STRICT_PROTOTYPES = YES;
				CLANG_WARN_SUSPICIOUS_MOVE = YES;
				CLANG_WARN_UNGUARDED_AVAILABILITY = YES_AGGRESSIVE;
				CLANG_WARN_UNREACHABLE_CODE = YES;
				CLANG_WARN__DUPLICATE_METHOD_MATCH = YES;
				COPY_PHASE_STRIP = NO;
				DEBUG_INFORMATION_FORMAT = "dwarf-with-dsym";
				ENABLE_NS_ASSERTIONS = NO;
				ENABLE_STRICT_OBJC_MSGSEND = YES;
				ENABLE_USER_SCRIPT_SANDBOXING = YES;
				GCC_C_LANGUAGE_STANDARD = gnu17;
				GCC_NO_COMMON_BLOCKS = YES;
				GCC_WARN_64_TO_32_BIT_CONVERSION = YES;
				GCC_WARN_ABOUT_RETURN_TYPE = YES_ERROR;
				GCC_WARN_UNDECLARED_SELECTOR = YES;
				GCC_WARN_UNINITIALIZED_AUTOS = YES_AGGRESSIVE;
				GCC_WARN_UNUSED_FUNCTION = YES;
				GCC_WARN_UNUSED_VARIABLE = YES;
				IPHONEOS_DEPLOYMENT_TARGET = 15.0;
				LOCALIZATION_PREFERS_STRING_CATALOGS = YES;
				MTL_ENABLE_DEBUG_INFO = NO;
				MTL_FAST_MATH = YES;
				SDKROOT = iphoneos;
				SWIFT_COMPILATION_MODE = wholemodule;
				VALIDATE_PRODUCT = YES;
			};
			name = Release;
		};
		3614C2772C7B624C003BA3C6 /* Debug */ = {
			isa = XCBuildConfiguration;
			buildSettings = {
				ASSETCATALOG_COMPILER_APPICON_NAME = AppIcon;
				ASSETCATALOG_COMPILER_GLOBAL_ACCENT_COLOR_NAME = AccentColor;
				CODE_SIGN_IDENTITY = "Apple Development";
				CODE_SIGN_STYLE = Automatic;
				CURRENT_PROJECT_VERSION = 1;
				DEVELOPMENT_TEAM = F5N47S2BJ3;
				GENERATE_INFOPLIST_FILE = YES;
				INFOPLIST_FILE = viper_todo/Resources/Info.plist;
				INFOPLIST_KEY_CFBundleDisplayName = "Viper ToDo";
				INFOPLIST_KEY_UIApplicationSupportsIndirectInputEvents = YES;
				INFOPLIST_KEY_UILaunchStoryboardName = LaunchScreen.storyboard;
				INFOPLIST_KEY_UISupportedInterfaceOrientations_iPad = "UIInterfaceOrientationPortrait UIInterfaceOrientationPortraitUpsideDown UIInterfaceOrientationLandscapeLeft UIInterfaceOrientationLandscapeRight";
				INFOPLIST_KEY_UISupportedInterfaceOrientations_iPhone = "UIInterfaceOrientationPortrait UIInterfaceOrientationLandscapeLeft UIInterfaceOrientationLandscapeRight";
				LD_RUNPATH_SEARCH_PATHS = (
					"$(inherited)",
					"@executable_path/Frameworks",
				);
				MARKETING_VERSION = 1.0;
				PRODUCT_BUNDLE_IDENTIFIER = "nova.viper-todo";
				PRODUCT_NAME = "$(TARGET_NAME)";
				PROVISIONING_PROFILE_SPECIFIER = "";
				SWIFT_EMIT_LOC_STRINGS = YES;
				SWIFT_VERSION = 5.0;
				TARGETED_DEVICE_FAMILY = "1,2";
			};
			name = Debug;
		};
		3614C2782C7B624C003BA3C6 /* Release */ = {
			isa = XCBuildConfiguration;
			buildSettings = {
				ASSETCATALOG_COMPILER_APPICON_NAME = AppIcon;
				ASSETCATALOG_COMPILER_GLOBAL_ACCENT_COLOR_NAME = AccentColor;
				CODE_SIGN_IDENTITY = "Apple Development";
				CODE_SIGN_STYLE = Automatic;
				CURRENT_PROJECT_VERSION = 1;
				DEVELOPMENT_TEAM = F5N47S2BJ3;
				GENERATE_INFOPLIST_FILE = YES;
				INFOPLIST_FILE = viper_todo/Resources/Info.plist;
				INFOPLIST_KEY_CFBundleDisplayName = "Viper ToDo";
				INFOPLIST_KEY_UIApplicationSupportsIndirectInputEvents = YES;
				INFOPLIST_KEY_UILaunchStoryboardName = LaunchScreen.storyboard;
				INFOPLIST_KEY_UISupportedInterfaceOrientations_iPad = "UIInterfaceOrientationPortrait UIInterfaceOrientationPortraitUpsideDown UIInterfaceOrientationLandscapeLeft UIInterfaceOrientationLandscapeRight";
				INFOPLIST_KEY_UISupportedInterfaceOrientations_iPhone = "UIInterfaceOrientationPortrait UIInterfaceOrientationLandscapeLeft UIInterfaceOrientationLandscapeRight";
				LD_RUNPATH_SEARCH_PATHS = (
					"$(inherited)",
					"@executable_path/Frameworks",
				);
				MARKETING_VERSION = 1.0;
				PRODUCT_BUNDLE_IDENTIFIER = "nova.viper-todo";
				PRODUCT_NAME = "$(TARGET_NAME)";
				PROVISIONING_PROFILE_SPECIFIER = "";
				SWIFT_EMIT_LOC_STRINGS = YES;
				SWIFT_VERSION = 5.0;
				TARGETED_DEVICE_FAMILY = "1,2";
			};
			name = Release;
		};
/* End XCBuildConfiguration section */

/* Begin XCConfigurationList section */
		3614C25A2C7B624B003BA3C6 /* Build configuration list for PBXProject "viper_todo" */ = {
			isa = XCConfigurationList;
			buildConfigurations = (
				3614C2742C7B624C003BA3C6 /* Debug */,
				3614C2752C7B624C003BA3C6 /* Release */,
			);
			defaultConfigurationIsVisible = 0;
			defaultConfigurationName = Release;
		};
		3614C2762C7B624C003BA3C6 /* Build configuration list for PBXNativeTarget "viper_todo" */ = {
			isa = XCConfigurationList;
			buildConfigurations = (
				3614C2772C7B624C003BA3C6 /* Debug */,
				3614C2782C7B624C003BA3C6 /* Release */,
			);
			defaultConfigurationIsVisible = 0;
			defaultConfigurationName = Release;
		};
/* End XCConfigurationList section */

/* Begin XCRemoteSwiftPackageReference section */
		360A573E2C7D3877003F48F8 /* XCRemoteSwiftPackageReference "SnapKit" */ = {
			isa = XCRemoteSwiftPackageReference;
			repositoryURL = "https://github.com/SnapKit/SnapKit.git";
			requirement = {
				kind = upToNextMajorVersion;
				minimumVersion = 5.7.1;
			};
		};
/* End XCRemoteSwiftPackageReference section */

/* Begin XCSwiftPackageProductDependency section */
		360A573F2C7D3877003F48F8 /* SnapKit */ = {
			isa = XCSwiftPackageProductDependency;
			package = 360A573E2C7D3877003F48F8 /* XCRemoteSwiftPackageReference "SnapKit" */;
			productName = SnapKit;
		};
/* End XCSwiftPackageProductDependency section */

/* Begin XCVersionGroup section */
		3614C26B2C7B624C003BA3C6 /* ViperTodo.xcdatamodeld */ = {
			isa = XCVersionGroup;
			children = (
				3614C26C2C7B624C003BA3C6 /* viper_todo.xcdatamodel */,
			);
			currentVersion = 3614C26C2C7B624C003BA3C6 /* viper_todo.xcdatamodel */;
			path = ViperTodo.xcdatamodeld;
			sourceTree = "<group>";
			versionGroupType = wrapper.xcdatamodel;
		};
/* End XCVersionGroup section */
	};
	rootObject = 3614C2572C7B624B003BA3C6 /* Project object */;
}
